
Microsoft Visual Studio Solution File, Format Version 12.00
# Visual Studio Version 16
VisualStudioVersion = 16.0.28803.452
MinimumVisualStudioVersion = 10.0.40219.1
Project("{FAE04EC0-301F-11D3-BF4B-00C04F79EFBC}") = "001.BoxofT", "001.BoxofT\001.BoxofT.csproj", "{F24C60BD-D2D3-4A1B-80BB-FBE97FDE071A}"
EndProject
Project("{FAE04EC0-301F-11D3-BF4B-00C04F79EFBC}") = "002.GenericArrayCreator", "002.GenericArrayCreator\002.GenericArrayCreator.csproj", "{8B1CE373-00BD-489A-8F0B-B8D2DBA5CF37}"
EndProject
Project("{FAE04EC0-301F-11D3-BF4B-00C04F79EFBC}") = "003.GenericScale", "003.GenericScale\003.GenericScale.csproj", "{01CBEC0C-1038-4AB4-8A6D-41A4DCB98E24}"
EndProject
Project("{FAE04EC0-301F-11D3-BF4B-00C04F79EFBC}") = "101.GenericBoxOfString", "101.GenericBoxOfString\101.GenericBoxOfString.csproj", "{145108FF-90AE-4DFA-8888-E2C3CBB65C94}"
EndProject
Project("{FAE04EC0-301F-11D3-BF4B-00C04F79EFBC}") = "102.GenericBoxOfInteger", "102.GenericBoxOfInteger\102.GenericBoxOfInteger.csproj", "{182C41A4-092E-4C45-A65C-95FB4A0E6103}"
EndProject
Global
	GlobalSection(SolutionConfigurationPlatforms) = preSolution
		Debug|Any CPU = Debug|Any CPU
		Release|Any CPU = Release|Any CPU
	EndGlobalSection
	GlobalSection(ProjectConfigurationPlatforms) = postSolution
		{F24C60BD-D2D3-4A1B-80BB-FBE97FDE071A}.Debug|Any CPU.ActiveCfg = Debug|Any CPU
		{F24C60BD-D2D3-4A1B-80BB-FBE97FDE071A}.Debug|Any CPU.Build.0 = Debug|Any CPU
		{F24C60BD-D2D3-4A1B-80BB-FBE97FDE071A}.Release|Any CPU.ActiveCfg = Release|Any CPU
		{F24C60BD-D2D3-4A1B-80BB-FBE97FDE071A}.Release|Any CPU.Build.0 = Release|Any CPU
		{8B1CE373-00BD-489A-8F0B-B8D2DBA5CF37}.Debug|Any CPU.ActiveCfg = Debug|Any CPU
		{8B1CE373-00BD-489A-8F0B-B8D2DBA5CF37}.Debug|Any CPU.Build.0 = Debug|Any CPU
		{8B1CE373-00BD-489A-8F0B-B8D2DBA5CF37}.Release|Any CPU.ActiveCfg = Release|Any CPU
		{8B1CE373-00BD-489A-8F0B-B8D2DBA5CF37}.Release|Any CPU.Build.0 = Release|Any CPU
		{01CBEC0C-1038-4AB4-8A6D-41A4DCB98E24}.Debug|Any CPU.ActiveCfg = Debug|Any CPU
		{01CBEC0C-1038-4AB4-8A6D-41A4DCB98E24}.Debug|Any CPU.Build.0 = Debug|Any CPU
		{01CBEC0C-1038-4AB4-8A6D-41A4DCB98E24}.Release|Any CPU.ActiveCfg = Release|Any CPU
		{01CBEC0C-1038-4AB4-8A6D-41A4DCB98E24}.Release|Any CPU.Build.0 = Release|Any CPU
		{145108FF-90AE-4DFA-8888-E2C3CBB65C94}.Debug|Any CPU.ActiveCfg = Debug|Any CPU
		{145108FF-90AE-4DFA-8888-E2C3CBB65C94}.Debug|Any CPU.Build.0 = Debug|Any CPU
		{145108FF-90AE-4DFA-8888-E2C3CBB65C94}.Release|Any CPU.ActiveCfg = Release|Any CPU
		{145108FF-90AE-4DFA-8888-E2C3CBB65C94}.Release|Any CPU.Build.0 = Release|Any CPU
		{182C41A4-092E-4C45-A65C-95FB4A0E6103}.Debug|Any CPU.ActiveCfg = Debug|Any CPU
		{182C41A4-092E-4C45-A65C-95FB4A0E6103}.Debug|Any CPU.Build.0 = Debug|Any CPU
		{182C41A4-092E-4C45-A65C-95FB4A0E6103}.Release|Any CPU.ActiveCfg = Release|Any CPU
		{182C41A4-092E-4C45-A65C-95FB4A0E6103}.Release|Any CPU.Build.0 = Release|Any CPU
	EndGlobalSection
	GlobalSection(SolutionProperties) = preSolution
		HideSolutionNode = FALSE
	EndGlobalSection
	GlobalSection(ExtensibilityGlobals) = postSolution
		SolutionGuid = {28978CEB-50E3-4044-ACB4-194CA114FD21}
	EndGlobalSection
EndGlobal
