
Microsoft Visual Studio Solution File, Format Version 12.00
# Visual Studio Version 16
VisualStudioVersion = 16.0.28803.452
MinimumVisualStudioVersion = 10.0.40219.1
Project("{FAE04EC0-301F-11D3-BF4B-00C04F79EFBC}") = "01", "01\01.csproj", "{48C606AE-8923-461C-A344-4593B16D65FE}"
EndProject
Project("{FAE04EC0-301F-11D3-BF4B-00C04F79EFBC}") = "02", "02\02.csproj", "{739061EF-ADE4-4681-BA1D-035A770F6EF9}"
EndProject
Project("{9A19103F-16F7-4668-BE54-9A1E7A4F7556}") = "SpaceStationRecruitment", "..\..\02. Space Station Recruitment_Skeleton\SpaceStationRecruitment.csproj", "{97488453-7181-4ADB-9CA8-DF5EF92828DF}"
EndProject
Global
	GlobalSection(SolutionConfigurationPlatforms) = preSolution
		Debug|Any CPU = Debug|Any CPU
		Release|Any CPU = Release|Any CPU
	EndGlobalSection
	GlobalSection(ProjectConfigurationPlatforms) = postSolution
		{48C606AE-8923-461C-A344-4593B16D65FE}.Debug|Any CPU.ActiveCfg = Debug|Any CPU
		{48C606AE-8923-461C-A344-4593B16D65FE}.Debug|Any CPU.Build.0 = Debug|Any CPU
		{48C606AE-8923-461C-A344-4593B16D65FE}.Release|Any CPU.ActiveCfg = Release|Any CPU
		{48C606AE-8923-461C-A344-4593B16D65FE}.Release|Any CPU.Build.0 = Release|Any CPU
		{739061EF-ADE4-4681-BA1D-035A770F6EF9}.Debug|Any CPU.ActiveCfg = Debug|Any CPU
		{739061EF-ADE4-4681-BA1D-035A770F6EF9}.Debug|Any CPU.Build.0 = Debug|Any CPU
		{739061EF-ADE4-4681-BA1D-035A770F6EF9}.Release|Any CPU.ActiveCfg = Release|Any CPU
		{739061EF-ADE4-4681-BA1D-035A770F6EF9}.Release|Any CPU.Build.0 = Release|Any CPU
		{97488453-7181-4ADB-9CA8-DF5EF92828DF}.Debug|Any CPU.ActiveCfg = Debug|Any CPU
		{97488453-7181-4ADB-9CA8-DF5EF92828DF}.Debug|Any CPU.Build.0 = Debug|Any CPU
		{97488453-7181-4ADB-9CA8-DF5EF92828DF}.Release|Any CPU.ActiveCfg = Release|Any CPU
		{97488453-7181-4ADB-9CA8-DF5EF92828DF}.Release|Any CPU.Build.0 = Release|Any CPU
	EndGlobalSection
	GlobalSection(SolutionProperties) = preSolution
		HideSolutionNode = FALSE
	EndGlobalSection
	GlobalSection(ExtensibilityGlobals) = postSolution
		SolutionGuid = {29FED73A-32DA-474F-8E52-2E61F558715A}
	EndGlobalSection
EndGlobal
