
Microsoft Visual Studio Solution File, Format Version 12.00
# Visual Studio Version 16
VisualStudioVersion = 16.0.28803.452
MinimumVisualStudioVersion = 10.0.40219.1
Project("{FAE04EC0-301F-11D3-BF4B-00C04F79EFBC}") = "001.Library", "001.Library\001.Library.csproj", "{2108EA37-ED36-4FDE-9D07-E6F6FCC63C59}"
EndProject
Project("{FAE04EC0-301F-11D3-BF4B-00C04F79EFBC}") = "002.LibraryIterator", "002.LibraryIterator\002.LibraryIterator.csproj", "{2D6F1625-BE16-49F0-BF16-F587D4EEE7DC}"
EndProject
Project("{FAE04EC0-301F-11D3-BF4B-00C04F79EFBC}") = "003.ComparableBook", "003.ComparableBook\003.ComparableBook.csproj", "{C5AD83A9-1EB6-41CE-B969-317BE46D86FC}"
EndProject
Project("{FAE04EC0-301F-11D3-BF4B-00C04F79EFBC}") = "004.BookComparer", "004.BookComparer\004.BookComparer.csproj", "{4252F353-5B24-4EC1-BFDB-2A67702708D3}"
EndProject
Project("{FAE04EC0-301F-11D3-BF4B-00C04F79EFBC}") = "101.ListyIterator", "101.ListyIterator\101.ListyIterator.csproj", "{1BDD065D-D337-4C6D-841C-3153ABC5DB94}"
EndProject
Project("{FAE04EC0-301F-11D3-BF4B-00C04F79EFBC}") = "102.Collection", "102.Collection\102.Collection.csproj", "{8254448F-D7B4-4DB7-8E52-5EFAECDA8D05}"
EndProject
Global
	GlobalSection(SolutionConfigurationPlatforms) = preSolution
		Debug|Any CPU = Debug|Any CPU
		Release|Any CPU = Release|Any CPU
	EndGlobalSection
	GlobalSection(ProjectConfigurationPlatforms) = postSolution
		{2108EA37-ED36-4FDE-9D07-E6F6FCC63C59}.Debug|Any CPU.ActiveCfg = Debug|Any CPU
		{2108EA37-ED36-4FDE-9D07-E6F6FCC63C59}.Debug|Any CPU.Build.0 = Debug|Any CPU
		{2108EA37-ED36-4FDE-9D07-E6F6FCC63C59}.Release|Any CPU.ActiveCfg = Release|Any CPU
		{2108EA37-ED36-4FDE-9D07-E6F6FCC63C59}.Release|Any CPU.Build.0 = Release|Any CPU
		{2D6F1625-BE16-49F0-BF16-F587D4EEE7DC}.Debug|Any CPU.ActiveCfg = Debug|Any CPU
		{2D6F1625-BE16-49F0-BF16-F587D4EEE7DC}.Debug|Any CPU.Build.0 = Debug|Any CPU
		{2D6F1625-BE16-49F0-BF16-F587D4EEE7DC}.Release|Any CPU.ActiveCfg = Release|Any CPU
		{2D6F1625-BE16-49F0-BF16-F587D4EEE7DC}.Release|Any CPU.Build.0 = Release|Any CPU
		{C5AD83A9-1EB6-41CE-B969-317BE46D86FC}.Debug|Any CPU.ActiveCfg = Debug|Any CPU
		{C5AD83A9-1EB6-41CE-B969-317BE46D86FC}.Debug|Any CPU.Build.0 = Debug|Any CPU
		{C5AD83A9-1EB6-41CE-B969-317BE46D86FC}.Release|Any CPU.ActiveCfg = Release|Any CPU
		{C5AD83A9-1EB6-41CE-B969-317BE46D86FC}.Release|Any CPU.Build.0 = Release|Any CPU
		{4252F353-5B24-4EC1-BFDB-2A67702708D3}.Debug|Any CPU.ActiveCfg = Debug|Any CPU
		{4252F353-5B24-4EC1-BFDB-2A67702708D3}.Debug|Any CPU.Build.0 = Debug|Any CPU
		{4252F353-5B24-4EC1-BFDB-2A67702708D3}.Release|Any CPU.ActiveCfg = Release|Any CPU
		{4252F353-5B24-4EC1-BFDB-2A67702708D3}.Release|Any CPU.Build.0 = Release|Any CPU
		{1BDD065D-D337-4C6D-841C-3153ABC5DB94}.Debug|Any CPU.ActiveCfg = Debug|Any CPU
		{1BDD065D-D337-4C6D-841C-3153ABC5DB94}.Debug|Any CPU.Build.0 = Debug|Any CPU
		{1BDD065D-D337-4C6D-841C-3153ABC5DB94}.Release|Any CPU.ActiveCfg = Release|Any CPU
		{1BDD065D-D337-4C6D-841C-3153ABC5DB94}.Release|Any CPU.Build.0 = Release|Any CPU
		{8254448F-D7B4-4DB7-8E52-5EFAECDA8D05}.Debug|Any CPU.ActiveCfg = Debug|Any CPU
		{8254448F-D7B4-4DB7-8E52-5EFAECDA8D05}.Debug|Any CPU.Build.0 = Debug|Any CPU
		{8254448F-D7B4-4DB7-8E52-5EFAECDA8D05}.Release|Any CPU.ActiveCfg = Release|Any CPU
		{8254448F-D7B4-4DB7-8E52-5EFAECDA8D05}.Release|Any CPU.Build.0 = Release|Any CPU
	EndGlobalSection
	GlobalSection(SolutionProperties) = preSolution
		HideSolutionNode = FALSE
	EndGlobalSection
	GlobalSection(ExtensibilityGlobals) = postSolution
		SolutionGuid = {4DB30602-745F-4CED-AE6C-4BACF5122EBF}
	EndGlobalSection
EndGlobal
